{
  "object": {
    "pins": [
      {
        "package": "Action",
        "repositoryURL": "https://github.com/RxSwiftCommunity/Action",
        "state": {
          "branch": "master",
          "revision": "77a1aba64490424b485b54ffbd0bdecc3abaa046",
          "version": null
        }
      },
      {
        "package": "APIKit",
        "repositoryURL": "https://github.com/ishkawa/APIKit",
        "state": {
          "branch": "b95a941",
          "revision": "b95a941c263819ff8f0c327cb1296c4b89cf1f9b",
          "version": null
        }
      },
      {
        "package": "Nuke",
        "repositoryURL": "https://github.com/kean/Nuke",
        "state": {
          "branch": null,
          "revision": "ef122e4512e84020dca9d8f598408fdb38658946",
          "version": "9.2.0"
        }
      },
      {
        "package": "PKHUD",
        "repositoryURL": "https://github.com/pkluz/PKHUD",
        "state": {
          "branch": null,
          "revision": "8fd26f23057c6bebd6695524b1c3e05e93aba571",
          "version": "5.4.0"
        }
      },
      {
        "package": "R.swift.Library",
        "repositoryURL": "https://github.com/mac-cain13/R.swift.Library",
        "state": {
          "branch": null,
          "revision": "5025163d8f60d3c56124c309db0246ba421aa8c6",
          "version": "5.3.0"
        }
      },
      {
        "package": "Reusable",
        "repositoryURL": "https://github.com/AliSoftware/Reusable",
        "state": {
          "branch": null,
          "revision": "86cd17aa27e80d20bfe2ea57dd08958cf64664f4",
          "version": "4.1.1"
        }
      },
      {
        "package": "RxSwiftExt",
        "repositoryURL": "https://github.com/RxSwiftCommunity/RxSwiftExt",
        "state": {
          "branch": null,
          "revision": "608136ecaf29b2c43345dab95518464e57567449",
          "version": "5.1.1"
        }
      },
      {
        "package": "SwiftyUserDefaults",
        "repositoryURL": "https://github.com/sunshinejr/SwiftyUserDefaults",
        "state": {
          "branch": null,
          "revision": "1930a81a299b074fd72eee09e88e452ad37dc34d",
          "version": "5.0.0"
        }
      },
      {
        "package": "Unio",
        "repositoryURL": "https://github.com/cats-oss/Unio",
        "state": {
          "branch": null,
          "revision": "173487bb8eebc25da03d6d8bc0a14b1c518821b4",
          "version": "0.10.0"
        }
      }
    ]
  },
  "version": 1
}
